{
    "version": 3,
    "terraform_version": "0.11.7",
    "serial": 3,
    "lineage": "5564cd41-9354-d982-a796-5c1b9a6ffa10",
    "modules": [
        {
            "path": [
                "root"
            ],
            "outputs": {},
            "resources": {
                "data.template_file.haproxyconf": {
                    "type": "template_file",
                    "depends_on": [
                        "digitalocean_droplet.web1",
                        "digitalocean_droplet.web2"
                    ],
                    "primary": {
                        "id": "883e72d861d7e656a834fb34fa47d1370cddfe8bf53bcc2eb48753fdde396062",
                        "attributes": {
                            "id": "883e72d861d7e656a834fb34fa47d1370cddfe8bf53bcc2eb48753fdde396062",
                            "rendered": "global\n  maxconn 2048\n  log /dev/log    local0\n  log /dev/log    local1 notice\n  chroot /var/lib/haproxy\n  stats socket /run/haproxy/admin.sock mode 660 level admin\n  stats timeout 30s\n  user haproxy\n  group haproxy\n  daemon\n\n  # Default SSL material locations\n  ca-base /etc/ssl/certs\n  crt-base /etc/ssl/private\n\n  # Default ciphers to use on SSL-enabled listening sockets.\n  # For more information, see ciphers(1SSL).\n  # Generated 2018-04-07 with https://mozilla.github.io/server-side-tls/ssl-config-generator/\n  ssl-default-bind-ciphers ECDHE-ECDSA-AES256-GCM-SHA384:ECDHE-RSA-AES256-GCM-SHA384:ECDHE-ECDSA-CHACHA20-POLY1305:ECDHE-RSA-CHACHA20-POLY1305:ECDHE-ECDSA-AES128-GCM-SHA256:ECDHE-RSA-AES128-GCM-SHA256:ECDHE-ECDSA-AES256-SHA384:ECDHE-RSA-AES256-SHA384:ECDHE-ECDSA-AES128-SHA256:ECDHE-RSA-AES128-SHA256\n  ssl-default-bind-options no-sslv3 no-tlsv10 no-tlsv11 no-tls-tickets\n  ssl-default-server-ciphers ECDHE-ECDSA-AES256-GCM-SHA384:ECDHE-RSA-AES256-GCM-SHA384:ECDHE-ECDSA-CHACHA20-POLY1305:ECDHE-RSA-CHACHA20-POLY1305:ECDHE-ECDSA-AES128-GCM-SHA256:ECDHE-RSA-AES128-GCM-SHA256:ECDHE-ECDSA-AES256-SHA384:ECDHE-RSA-AES256-SHA384:ECDHE-ECDSA-AES128-SHA256:ECDHE-RSA-AES128-SHA256\n  ssl-default-server-options no-sslv3 no-tlsv10 no-tlsv11 no-tls-tickets\n\ndefaults\n    log global\n    mode    http\n    option  httplog\n    option  dontlognull\n    option  forwardfor\n    option  http-server-close\n    stats enable\n    stats uri /stats\n    stats realm Haproxy\\ Statistics\n    stats auth hapuser:password!1234\n    timeout connect 5000\n    timeout client  50000\n    timeout server  50000\n    errorfile 400 /etc/haproxy/errors/400.http\n    errorfile 403 /etc/haproxy/errors/403.http\n    errorfile 408 /etc/haproxy/errors/408.http\n    errorfile 500 /etc/haproxy/errors/500.http\n    errorfile 502 /etc/haproxy/errors/502.http\n    errorfile 503 /etc/haproxy/errors/503.http\n    errorfile 504 /etc/haproxy/errors/504.http\n\nfrontend www-http\n  bind :80\n  default_backend web-backend\n\nbackend web-backend\n  server web1 10.135.67.99:80 check\n  server web2 10.135.66.176:80 check\n",
                            "template": "global\n  maxconn 2048\n  log /dev/log    local0\n  log /dev/log    local1 notice\n  chroot /var/lib/haproxy\n  stats socket /run/haproxy/admin.sock mode 660 level admin\n  stats timeout 30s\n  user haproxy\n  group haproxy\n  daemon\n\n  # Default SSL material locations\n  ca-base /etc/ssl/certs\n  crt-base /etc/ssl/private\n\n  # Default ciphers to use on SSL-enabled listening sockets.\n  # For more information, see ciphers(1SSL).\n  # Generated 2018-04-07 with https://mozilla.github.io/server-side-tls/ssl-config-generator/\n  ssl-default-bind-ciphers ECDHE-ECDSA-AES256-GCM-SHA384:ECDHE-RSA-AES256-GCM-SHA384:ECDHE-ECDSA-CHACHA20-POLY1305:ECDHE-RSA-CHACHA20-POLY1305:ECDHE-ECDSA-AES128-GCM-SHA256:ECDHE-RSA-AES128-GCM-SHA256:ECDHE-ECDSA-AES256-SHA384:ECDHE-RSA-AES256-SHA384:ECDHE-ECDSA-AES128-SHA256:ECDHE-RSA-AES128-SHA256\n  ssl-default-bind-options no-sslv3 no-tlsv10 no-tlsv11 no-tls-tickets\n  ssl-default-server-ciphers ECDHE-ECDSA-AES256-GCM-SHA384:ECDHE-RSA-AES256-GCM-SHA384:ECDHE-ECDSA-CHACHA20-POLY1305:ECDHE-RSA-CHACHA20-POLY1305:ECDHE-ECDSA-AES128-GCM-SHA256:ECDHE-RSA-AES128-GCM-SHA256:ECDHE-ECDSA-AES256-SHA384:ECDHE-RSA-AES256-SHA384:ECDHE-ECDSA-AES128-SHA256:ECDHE-RSA-AES128-SHA256\n  ssl-default-server-options no-sslv3 no-tlsv10 no-tlsv11 no-tls-tickets\n\ndefaults\n    log global\n    mode    http\n    option  httplog\n    option  dontlognull\n    option  forwardfor\n    option  http-server-close\n    stats enable\n    stats uri /stats\n    stats realm Haproxy\\ Statistics\n    stats auth hapuser:password!1234\n    timeout connect 5000\n    timeout client  50000\n    timeout server  50000\n    errorfile 400 /etc/haproxy/errors/400.http\n    errorfile 403 /etc/haproxy/errors/403.http\n    errorfile 408 /etc/haproxy/errors/408.http\n    errorfile 500 /etc/haproxy/errors/500.http\n    errorfile 502 /etc/haproxy/errors/502.http\n    errorfile 503 /etc/haproxy/errors/503.http\n    errorfile 504 /etc/haproxy/errors/504.http\n\nfrontend www-http\n  bind :80\n  default_backend web-backend\n\nbackend web-backend\n  server web1 ${web1_priv_ip}:80 check\n  server web2 ${web2_priv_ip}:80 check\n",
                            "vars.%": "2",
                            "vars.web1_priv_ip": "10.135.67.99",
                            "vars.web2_priv_ip": "10.135.66.176"
                        },
                        "meta": {},
                        "tainted": false
                    },
                    "deposed": [],
                    "provider": "provider.template"
                },
                "digitalocean_droplet.haproxy-web": {
                    "type": "digitalocean_droplet",
                    "depends_on": [
                        "data.template_file.haproxyconf"
                    ],
                    "primary": {
                        "id": "102813449",
                        "attributes": {
                            "disk": "20",
                            "id": "102813449",
                            "image": "ubuntu-16-04-x64",
                            "ipv4_address": "46.101.126.245",
                            "ipv4_address_private": "10.135.69.223",
                            "locked": "false",
                            "name": "haproxy-web",
                            "price_hourly": "0.00744",
                            "price_monthly": "5",
                            "private_networking": "true",
                            "region": "fra1",
                            "resize_disk": "true",
                            "size": "512mb",
                            "ssh_keys.#": "1",
                            "ssh_keys.0": "05:43:6f:fc:fc:42:e5:83:cf:83:56:78:48:c1:1e:b5",
                            "status": "active",
                            "tags.#": "0",
                            "vcpus": "1"
                        },
                        "meta": {},
                        "tainted": false
                    },
                    "deposed": [],
                    "provider": "provider.digitalocean"
                },
                "digitalocean_droplet.web1": {
                    "type": "digitalocean_droplet",
                    "depends_on": [],
                    "primary": {
                        "id": "102813376",
                        "attributes": {
                            "disk": "20",
                            "id": "102813376",
                            "image": "ubuntu-16-04-x64",
                            "ipv4_address": "206.189.62.5",
                            "ipv4_address_private": "10.135.67.99",
                            "locked": "false",
                            "name": "web1",
                            "price_hourly": "0.00744",
                            "price_monthly": "5",
                            "private_networking": "true",
                            "region": "fra1",
                            "resize_disk": "true",
                            "size": "512mb",
                            "ssh_keys.#": "1",
                            "ssh_keys.0": "05:43:6f:fc:fc:42:e5:83:cf:83:56:78:48:c1:1e:b5",
                            "status": "active",
                            "tags.#": "0",
                            "user_data": "#!/bin/bash\n\napt-get -y update\napt-get -y install nginx\nexport HOSTNAME=$(curl -s http://169.254.169.254/metadata/v1/hostname)\nexport PUBLIC_IPV4=$(curl -s http://169.254.169.254/metadata/v1/interfaces/public/0/ipv4/address)\necho Hello from Droplet $HOSTNAME, with IP Address: $PUBLIC_IPV4 \u003e /var/www/html/index.nginx-debian.html\n",
                            "vcpus": "1"
                        },
                        "meta": {},
                        "tainted": false
                    },
                    "deposed": [],
                    "provider": "provider.digitalocean"
                },
                "digitalocean_droplet.web2": {
                    "type": "digitalocean_droplet",
                    "depends_on": [],
                    "primary": {
                        "id": "102813374",
                        "attributes": {
                            "disk": "20",
                            "id": "102813374",
                            "image": "ubuntu-16-04-x64",
                            "ipv4_address": "159.89.1.139",
                            "ipv4_address_private": "10.135.66.176",
                            "locked": "false",
                            "name": "web2",
                            "price_hourly": "0.00744",
                            "price_monthly": "5",
                            "private_networking": "true",
                            "region": "fra1",
                            "resize_disk": "true",
                            "size": "512mb",
                            "ssh_keys.#": "1",
                            "ssh_keys.0": "05:43:6f:fc:fc:42:e5:83:cf:83:56:78:48:c1:1e:b5",
                            "status": "active",
                            "tags.#": "0",
                            "user_data": "#!/bin/bash\n\napt-get -y update\napt-get -y install nginx\nexport HOSTNAME=$(curl -s http://169.254.169.254/metadata/v1/hostname)\nexport PUBLIC_IPV4=$(curl -s http://169.254.169.254/metadata/v1/interfaces/public/0/ipv4/address)\necho Hello from Droplet $HOSTNAME, with IP Address: $PUBLIC_IPV4 \u003e /var/www/html/index.nginx-debian.html\n",
                            "vcpus": "1"
                        },
                        "meta": {},
                        "tainted": false
                    },
                    "deposed": [],
                    "provider": "provider.digitalocean"
                }
            },
            "depends_on": []
        }
    ]
}
